
Microsoft Visual Studio Solution File, Format Version 12.00
# Visual Studio Version 17
VisualStudioVersion = 17.11.35312.102
MinimumVisualStudioVersion = 10.0.40219.1
Project("{9A19103F-16F7-4668-BE54-9A1E7A4F7556}") = "ArrayOrder.Core", "ArrayOrder.Core\ArrayOrder.Core.csproj", "{1ED6F0A3-EECC-4A67-ACA8-7F861DF3A1A6}"
EndProject
Project("{9A19103F-16F7-4668-BE54-9A1E7A4F7556}") = "ArrayOrder.Test", "ArrayOrder.Test\ArrayOrder.Test.csproj", "{4E905C67-8C29-47BA-BB8F-977A350034BE}"
EndProject
Project("{9A19103F-16F7-4668-BE54-9A1E7A4F7556}") = "ArrayOrder.Cli", "ArrayOrder.Console\ArrayOrder.Cli.csproj", "{A82A6485-88CE-4A85-9001-C7390CDB6945}"
EndProject
Global
	GlobalSection(SolutionConfigurationPlatforms) = preSolution
		Debug|Any CPU = Debug|Any CPU
		Release|Any CPU = Release|Any CPU
	EndGlobalSection
	GlobalSection(ProjectConfigurationPlatforms) = postSolution
		{1ED6F0A3-EECC-4A67-ACA8-7F861DF3A1A6}.Debug|Any CPU.ActiveCfg = Debug|Any CPU
		{1ED6F0A3-EECC-4A67-ACA8-7F861DF3A1A6}.Debug|Any CPU.Build.0 = Debug|Any CPU
		{1ED6F0A3-EECC-4A67-ACA8-7F861DF3A1A6}.Release|Any CPU.ActiveCfg = Release|Any CPU
		{1ED6F0A3-EECC-4A67-ACA8-7F861DF3A1A6}.Release|Any CPU.Build.0 = Release|Any CPU
		{4E905C67-8C29-47BA-BB8F-977A350034BE}.Debug|Any CPU.ActiveCfg = Debug|Any CPU
		{4E905C67-8C29-47BA-BB8F-977A350034BE}.Debug|Any CPU.Build.0 = Debug|Any CPU
		{4E905C67-8C29-47BA-BB8F-977A350034BE}.Release|Any CPU.ActiveCfg = Release|Any CPU
		{4E905C67-8C29-47BA-BB8F-977A350034BE}.Release|Any CPU.Build.0 = Release|Any CPU
		{A82A6485-88CE-4A85-9001-C7390CDB6945}.Debug|Any CPU.ActiveCfg = Debug|Any CPU
		{A82A6485-88CE-4A85-9001-C7390CDB6945}.Debug|Any CPU.Build.0 = Debug|Any CPU
		{A82A6485-88CE-4A85-9001-C7390CDB6945}.Release|Any CPU.ActiveCfg = Release|Any CPU
		{A82A6485-88CE-4A85-9001-C7390CDB6945}.Release|Any CPU.Build.0 = Release|Any CPU
	EndGlobalSection
	GlobalSection(SolutionProperties) = preSolution
		HideSolutionNode = FALSE
	EndGlobalSection
	GlobalSection(ExtensibilityGlobals) = postSolution
		SolutionGuid = {BBE5C78F-F4FA-4C0C-9813-B04A6E85C3FF}
	EndGlobalSection
EndGlobal
